// !$*UTF8*$!
{
	archiveVersion = 1;
	classes = {
	};
	objectVersion = 48;
	objects = {

/* Begin PBXBuildFile section */
		88BDC3311F9602A500D9BAE8 /* AppDelegate.swift in Sources */ = {isa = PBXBuildFile; fileRef = 88BDC3301F9602A500D9BAE8 /* AppDelegate.swift */; };
		88BDC3331F9602A500D9BAE8 /* ViewController.swift in Sources */ = {isa = PBXBuildFile; fileRef = 88BDC3321F9602A500D9BAE8 /* ViewController.swift */; };
		88BDC3361F9602A500D9BAE8 /* Main.storyboard in Resources */ = {isa = PBXBuildFile; fileRef = 88BDC3341F9602A500D9BAE8 /* Main.storyboard */; };
		88BDC3381F9602A500D9BAE8 /* Assets.xcassets in Resources */ = {isa = PBXBuildFile; fileRef = 88BDC3371F9602A500D9BAE8 /* Assets.xcassets */; };
		88BDC33B1F9602A500D9BAE8 /* LaunchScreen.storyboard in Resources */ = {isa = PBXBuildFile; fileRef = 88BDC3391F9602A500D9BAE8 /* LaunchScreen.storyboard */; };
		88BDC3571F960B9400D9BAE8 /* Action.framework in Frameworks */ = {isa = PBXBuildFile; fileRef = 88BDC3461F96096300D9BAE8 /* Action.framework */; };
		88BDC3581F960B9400D9BAE8 /* Action.framework in Embed Frameworks */ = {isa = PBXBuildFile; fileRef = 88BDC3461F96096300D9BAE8 /* Action.framework */; settings = {ATTRIBUTES = (CodeSignOnCopy, RemoveHeadersOnCopy, ); }; };
		88BDC3591F960B9400D9BAE8 /* RxBlocking.framework in Frameworks */ = {isa = PBXBuildFile; fileRef = 88BDC3431F96096300D9BAE8 /* RxBlocking.framework */; };
		88BDC35A1F960B9400D9BAE8 /* RxBlocking.framework in Embed Frameworks */ = {isa = PBXBuildFile; fileRef = 88BDC3431F96096300D9BAE8 /* RxBlocking.framework */; settings = {ATTRIBUTES = (CodeSignOnCopy, RemoveHeadersOnCopy, ); }; };
		88BDC35B1F960B9400D9BAE8 /* RxCocoa.framework in Frameworks */ = {isa = PBXBuildFile; fileRef = 88BDC3441F96096300D9BAE8 /* RxCocoa.framework */; };
		88BDC35C1F960B9400D9BAE8 /* RxCocoa.framework in Embed Frameworks */ = {isa = PBXBuildFile; fileRef = 88BDC3441F96096300D9BAE8 /* RxCocoa.framework */; settings = {ATTRIBUTES = (CodeSignOnCopy, RemoveHeadersOnCopy, ); }; };
		88BDC35D1F960B9400D9BAE8 /* RxSwift.framework in Frameworks */ = {isa = PBXBuildFile; fileRef = 88BDC3451F96096300D9BAE8 /* RxSwift.framework */; };
		88BDC35E1F960B9400D9BAE8 /* RxSwift.framework in Embed Frameworks */ = {isa = PBXBuildFile; fileRef = 88BDC3451F96096300D9BAE8 /* RxSwift.framework */; settings = {ATTRIBUTES = (CodeSignOnCopy, RemoveHeadersOnCopy, ); }; };
/* End PBXBuildFile section */

/* Begin PBXCopyFilesBuildPhase section */
		88BDC3611F960B9400D9BAE8 /* Embed Frameworks */ = {
			isa = PBXCopyFilesBuildPhase;
			buildActionMask = 2147483647;
			dstPath = "";
			dstSubfolderSpec = 10;
			files = (
				88BDC35E1F960B9400D9BAE8 /* RxSwift.framework in Embed Frameworks */,
				88BDC35C1F960B9400D9BAE8 /* RxCocoa.framework in Embed Frameworks */,
				88BDC3581F960B9400D9BAE8 /* Action.framework in Embed Frameworks */,
				88BDC35A1F960B9400D9BAE8 /* RxBlocking.framework in Embed Frameworks */,
			);
			name = "Embed Frameworks";
			runOnlyForDeploymentPostprocessing = 0;
		};
/* End PBXCopyFilesBuildPhase section */

/* Begin PBXFileReference section */
		88BDC32D1F9602A500D9BAE8 /* Test-Swift4.app */ = {isa = PBXFileReference; explicitFileType = wrapper.application; includeInIndex = 0; path = "Test-Swift4.app"; sourceTree = BUILT_PRODUCTS_DIR; };
		88BDC3301F9602A500D9BAE8 /* AppDelegate.swift */ = {isa = PBXFileReference; lastKnownFileType = sourcecode.swift; path = AppDelegate.swift; sourceTree = "<group>"; };
		88BDC3321F9602A500D9BAE8 /* ViewController.swift */ = {isa = PBXFileReference; lastKnownFileType = sourcecode.swift; path = ViewController.swift; sourceTree = "<group>"; };
		88BDC3351F9602A500D9BAE8 /* Base */ = {isa = PBXFileReference; lastKnownFileType = file.storyboard; name = Base; path = Base.lproj/Main.storyboard; sourceTree = "<group>"; };
		88BDC3371F9602A500D9BAE8 /* Assets.xcassets */ = {isa = PBXFileReference; lastKnownFileType = folder.assetcatalog; path = Assets.xcassets; sourceTree = "<group>"; };
		88BDC33A1F9602A500D9BAE8 /* Base */ = {isa = PBXFileReference; lastKnownFileType = file.storyboard; name = Base; path = Base.lproj/LaunchScreen.storyboard; sourceTree = "<group>"; };
		88BDC33C1F9602A500D9BAE8 /* Info.plist */ = {isa = PBXFileReference; lastKnownFileType = text.plist.xml; path = Info.plist; sourceTree = "<group>"; };
		88BDC3431F96096300D9BAE8 /* RxBlocking.framework */ = {isa = PBXFileReference; lastKnownFileType = wrapper.framework; name = RxBlocking.framework; path = Carthage/Build/iOS/RxBlocking.framework; sourceTree = "<group>"; };
		88BDC3441F96096300D9BAE8 /* RxCocoa.framework */ = {isa = PBXFileReference; lastKnownFileType = wrapper.framework; name = RxCocoa.framework; path = Carthage/Build/iOS/RxCocoa.framework; sourceTree = "<group>"; };
		88BDC3451F96096300D9BAE8 /* RxSwift.framework */ = {isa = PBXFileReference; lastKnownFileType = wrapper.framework; name = RxSwift.framework; path = Carthage/Build/iOS/RxSwift.framework; sourceTree = "<group>"; };
		88BDC3461F96096300D9BAE8 /* Action.framework */ = {isa = PBXFileReference; lastKnownFileType = wrapper.framework; name = Action.framework; path = Carthage/Build/iOS/Action.framework; sourceTree = "<group>"; };
		88BDC3471F96096300D9BAE8 /* RxTest.framework */ = {isa = PBXFileReference; lastKnownFileType = wrapper.framework; name = RxTest.framework; path = Carthage/Build/iOS/RxTest.framework; sourceTree = "<group>"; };
		88BDC3621F960C0200D9BAE8 /* Foundation.framework */ = {isa = PBXFileReference; lastKnownFileType = wrapper.framework; name = Foundation.framework; path = System/Library/Frameworks/Foundation.framework; sourceTree = SDKROOT; };
		88BDC3641F960C0D00D9BAE8 /* XCTest.framework */ = {isa = PBXFileReference; lastKnownFileType = wrapper.framework; name = XCTest.framework; path = Platforms/iPhoneOS.platform/Developer/Library/Frameworks/XCTest.framework; sourceTree = DEVELOPER_DIR; };
/* End PBXFileReference section */

/* Begin PBXFrameworksBuildPhase section */
		88BDC32A1F9602A500D9BAE8 /* Frameworks */ = {
			isa = PBXFrameworksBuildPhase;
			buildActionMask = 2147483647;
			files = (
				88BDC35D1F960B9400D9BAE8 /* RxSwift.framework in Frameworks */,
				88BDC35B1F960B9400D9BAE8 /* RxCocoa.framework in Frameworks */,
				88BDC3571F960B9400D9BAE8 /* Action.framework in Frameworks */,
				88BDC3591F960B9400D9BAE8 /* RxBlocking.framework in Frameworks */,
			);
			runOnlyForDeploymentPostprocessing = 0;
		};
/* End PBXFrameworksBuildPhase section */

/* Begin PBXGroup section */
		88BDC3241F9602A500D9BAE8 = {
			isa = PBXGroup;
			children = (
				88BDC32F1F9602A500D9BAE8 /* Test-Swift4 */,
				88BDC32E1F9602A500D9BAE8 /* Products */,
				88BDC3421F96096200D9BAE8 /* Frameworks */,
			);
			sourceTree = "<group>";
		};
		88BDC32E1F9602A500D9BAE8 /* Products */ = {
			isa = PBXGroup;
			children = (
				88BDC32D1F9602A500D9BAE8 /* Test-Swift4.app */,
			);
			name = Products;
			sourceTree = "<group>";
		};
		88BDC32F1F9602A500D9BAE8 /* Test-Swift4 */ = {
			isa = PBXGroup;
			children = (
				88BDC3301F9602A500D9BAE8 /* AppDelegate.swift */,
				88BDC3321F9602A500D9BAE8 /* ViewController.swift */,
				88BDC3341F9602A500D9BAE8 /* Main.storyboard */,
				88BDC3371F9602A500D9BAE8 /* Assets.xcassets */,
				88BDC3391F9602A500D9BAE8 /* LaunchScreen.storyboard */,
				88BDC33C1F9602A500D9BAE8 /* Info.plist */,
			);
			path = "Test-Swift4";
			sourceTree = "<group>";
		};
		88BDC3421F96096200D9BAE8 /* Frameworks */ = {
			isa = PBXGroup;
			children = (
				88BDC3641F960C0D00D9BAE8 /* XCTest.framework */,
				88BDC3621F960C0200D9BAE8 /* Foundation.framework */,
				88BDC3461F96096300D9BAE8 /* Action.framework */,
				88BDC3431F96096300D9BAE8 /* RxBlocking.framework */,
				88BDC3441F96096300D9BAE8 /* RxCocoa.framework */,
				88BDC3451F96096300D9BAE8 /* RxSwift.framework */,
				88BDC3471F96096300D9BAE8 /* RxTest.framework */,
			);
			name = Frameworks;
			sourceTree = "<group>";
		};
/* End PBXGroup section */

/* Begin PBXNativeTarget section */
		88BDC32C1F9602A500D9BAE8 /* Test-Swift4 */ = {
			isa = PBXNativeTarget;
			buildConfigurationList = 88BDC33F1F9602A500D9BAE8 /* Build configuration list for PBXNativeTarget "Test-Swift4" */;
			buildPhases = (
				88BDC3291F9602A500D9BAE8 /* Sources */,
				88BDC32A1F9602A500D9BAE8 /* Frameworks */,
				88BDC32B1F9602A500D9BAE8 /* Resources */,
				88BDC34D1F96097B00D9BAE8 /* ShellScript */,
				88BDC3611F960B9400D9BAE8 /* Embed Frameworks */,
			);
			buildRules = (
			);
			dependencies = (
			);
			name = "Test-Swift4";
			productName = "Test-Swift4";
			productReference = 88BDC32D1F9602A500D9BAE8 /* Test-Swift4.app */;
			productType = "com.apple.product-type.application";
		};
/* End PBXNativeTarget section */

/* Begin PBXProject section */
		88BDC3251F9602A500D9BAE8 /* Project object */ = {
			isa = PBXProject;
			attributes = {
				LastSwiftUpdateCheck = 0900;
				LastUpgradeCheck = 0900;
				ORGANIZATIONNAME = orakaro;
				TargetAttributes = {
					88BDC32C1F9602A500D9BAE8 = {
						CreatedOnToolsVersion = 9.0;
						ProvisioningStyle = Automatic;
					};
				};
			};
			buildConfigurationList = 88BDC3281F9602A500D9BAE8 /* Build configuration list for PBXProject "Test-Swift4" */;
			compatibilityVersion = "Xcode 8.0";
			developmentRegion = en;
			hasScannedForEncodings = 0;
			knownRegions = (
				en,
				Base,
			);
			mainGroup = 88BDC3241F9602A500D9BAE8;
			productRefGroup = 88BDC32E1F9602A500D9BAE8 /* Products */;
			projectDirPath = "";
			projectRoot = "";
			targets = (
				88BDC32C1F9602A500D9BAE8 /* Test-Swift4 */,
			);
		};
/* End PBXProject section */

/* Begin PBXResourcesBuildPhase section */
		88BDC32B1F9602A500D9BAE8 /* Resources */ = {
			isa = PBXResourcesBuildPhase;
			buildActionMask = 2147483647;
			files = (
				88BDC33B1F9602A500D9BAE8 /* LaunchScreen.storyboard in Resources */,
				88BDC3381F9602A500D9BAE8 /* Assets.xcassets in Resources */,
				88BDC3361F9602A500D9BAE8 /* Main.storyboard in Resources */,
			);
			runOnlyForDeploymentPostprocessing = 0;
		};
/* End PBXResourcesBuildPhase section */

/* Begin PBXShellScriptBuildPhase section */
		88BDC34D1F96097B00D9BAE8 /* ShellScript */ = {
			isa = PBXShellScriptBuildPhase;
			buildActionMask = 8;
			files = (
			);
			inputPaths = (
				"",
				"$(SRCROOT)/Carthage/Build/iOS/RxSwift.framework\n$(SRCROOT)/Carthage/Build/iOS/RxBlocking.framework\n$(SRCROOT)/Carthage/Build/iOS/RxCocoa.framework\n$(SRCROOT)/Carthage/Build/iOS/RxTest.framework\n$(SRCROOT)/Carthage/Build/iOS/Action.framework",
				"$(SRCROOT)/Carthage/Build/iOS/RxTest.framework",
				"$(SRCROOT)/Carthage/Build/iOS/RxCocoa.framework",
				"$(SRCROOT)/Carthage/Build/iOS/Action.framework",
				"$(SRCROOT)/Carthage/Build/iOS/Action.framework",
			);
			outputPaths = (
			);
			runOnlyForDeploymentPostprocessing = 1;
			shellPath = /bin/sh;
			shellScript = "/usr/local/bin/carthage copy-frameworks";
		};
/* End PBXShellScriptBuildPhase section */

/* Begin PBXSourcesBuildPhase section */
		88BDC3291F9602A500D9BAE8 /* Sources */ = {
			isa = PBXSourcesBuildPhase;
			buildActionMask = 2147483647;
			files = (
				88BDC3331F9602A500D9BAE8 /* ViewController.swift in Sources */,
				88BDC3311F9602A500D9BAE8 /* AppDelegate.swift in Sources */,
			);
			runOnlyForDeploymentPostprocessing = 0;
		};
/* End PBXSourcesBuildPhase section */

/* Begin PBXVariantGroup section */
		88BDC3341F9602A500D9BAE8 /* Main.storyboard */ = {
			isa = PBXVariantGroup;
			children = (
				88BDC3351F9602A500D9BAE8 /* Base */,
			);
			name = Main.storyboard;
			sourceTree = "<group>";
		};
		88BDC3391F9602A500D9BAE8 /* LaunchScreen.storyboard */ = {
			isa = PBXVariantGroup;
			children = (
				88BDC33A1F9602A500D9BAE8 /* Base */,
			);
			name = LaunchScreen.storyboard;
			sourceTree = "<group>";
		};
/* End PBXVariantGroup section */

/* Begin XCBuildConfiguration section */
		88BDC33D1F9602A500D9BAE8 /* Debug */ = {
			isa = XCBuildConfiguration;
			buildSettings = {
				ALWAYS_SEARCH_USER_PATHS = NO;
				CLANG_ANALYZER_NONNULL = YES;
				CLANG_ANALYZER_NUMBER_OBJECT_CONVERSION = YES_AGGRESSIVE;
				CLANG_CXX_LANGUAGE_STANDARD = "gnu++14";
				CLANG_CXX_LIBRARY = "libc++";
				CLANG_ENABLE_MODULES = YES;
				CLANG_ENABLE_OBJC_ARC = YES;
				CLANG_WARN_BLOCK_CAPTURE_AUTORELEASING = YES;
				CLANG_WARN_BOOL_CONVERSION = YES;
				CLANG_WARN_COMMA = YES;
				CLANG_WARN_CONSTANT_CONVERSION = YES;
				CLANG_WARN_DIRECT_OBJC_ISA_USAGE = YES_ERROR;
				CLANG_WARN_DOCUMENTATION_COMMENTS = YES;
				CLANG_WARN_EMPTY_BODY = YES;
				CLANG_WARN_ENUM_CONVERSION = YES;
				CLANG_WARN_INFINITE_RECURSION = YES;
				CLANG_WARN_INT_CONVERSION = YES;
				CLANG_WARN_NON_LITERAL_NULL_CONVERSION = YES;
				CLANG_WARN_OBJC_LITERAL_CONVERSION = YES;
				CLANG_WARN_OBJC_ROOT_CLASS = YES_ERROR;
				CLANG_WARN_RANGE_LOOP_ANALYSIS = YES;
				CLANG_WARN_STRICT_PROTOTYPES = YES;
				CLANG_WARN_SUSPICIOUS_MOVE = YES;
				CLANG_WARN_UNGUARDED_AVAILABILITY = YES_AGGRESSIVE;
				CLANG_WARN_UNREACHABLE_CODE = YES;
				CLANG_WARN__DUPLICATE_METHOD_MATCH = YES;
				CODE_SIGN_IDENTITY = "iPhone Developer";
				COPY_PHASE_STRIP = NO;
				DEBUG_INFORMATION_FORMAT = dwarf;
				ENABLE_STRICT_OBJC_MSGSEND = YES;
				ENABLE_TESTABILITY = YES;
				GCC_C_LANGUAGE_STANDARD = gnu11;
				GCC_DYNAMIC_NO_PIC = NO;
				GCC_NO_COMMON_BLOCKS = YES;
				GCC_OPTIMIZATION_LEVEL = 0;
				GCC_PREPROCESSOR_DEFINITIONS = (
					"DEBUG=1",
					"$(inherited)",
				);
				GCC_WARN_64_TO_32_BIT_CONVERSION = YES;
				GCC_WARN_ABOUT_RETURN_TYPE = YES_ERROR;
				GCC_WARN_UNDECLARED_SELECTOR = YES;
				GCC_WARN_UNINITIALIZED_AUTOS = YES_AGGRESSIVE;
				GCC_WARN_UNUSED_FUNCTION = YES;
				GCC_WARN_UNUSED_VARIABLE = YES;
				IPHONEOS_DEPLOYMENT_TARGET = 11.0;
				MTL_ENABLE_DEBUG_INFO = YES;
				ONLY_ACTIVE_ARCH = YES;
				SDKROOT = iphoneos;
				SWIFT_ACTIVE_COMPILATION_CONDITIONS = DEBUG;
				SWIFT_OPTIMIZATION_LEVEL = "-Onone";
			};
			name = Debug;
		};
		88BDC33E1F9602A500D9BAE8 /* Release */ = {
			isa = XCBuildConfiguration;
			buildSettings = {
				ALWAYS_SEARCH_USER_PATHS = NO;
				CLANG_ANALYZER_NONNULL = YES;
				CLANG_ANALYZER_NUMBER_OBJECT_CONVERSION = YES_AGGRESSIVE;
				CLANG_CXX_LANGUAGE_STANDARD = "gnu++14";
				CLANG_CXX_LIBRARY = "libc++";
				CLANG_ENABLE_MODULES = YES;
				CLANG_ENABLE_OBJC_ARC = YES;
				CLANG_WARN_BLOCK_CAPTURE_AUTORELEASING = YES;
				CLANG_WARN_BOOL_CONVERSION = YES;
				CLANG_WARN_COMMA = YES;
				CLANG_WARN_CONSTANT_CONVERSION = YES;
				CLANG_WARN_DIRECT_OBJC_ISA_USAGE = YES_ERROR;
				CLANG_WARN_DOCUMENTATION_COMMENTS = YES;
				CLANG_WARN_EMPTY_BODY = YES;
				CLANG_WARN_ENUM_CONVERSION = YES;
				CLANG_WARN_INFINITE_RECURSION = YES;
				CLANG_WARN_INT_CONVERSION = YES;
				CLANG_WARN_NON_LITERAL_NULL_CONVERSION = YES;
				CLANG_WARN_OBJC_LITERAL_CONVERSION = YES;
				CLANG_WARN_OBJC_ROOT_CLASS = YES_ERROR;
				CLANG_WARN_RANGE_LOOP_ANALYSIS = YES;
				CLANG_WARN_STRICT_PROTOTYPES = YES;
				CLANG_WARN_SUSPICIOUS_MOVE = YES;
				CLANG_WARN_UNGUARDED_AVAILABILITY = YES_AGGRESSIVE;
				CLANG_WARN_UNREACHABLE_CODE = YES;
				CLANG_WARN__DUPLICATE_METHOD_MATCH = YES;
				CODE_SIGN_IDENTITY = "iPhone Developer";
				COPY_PHASE_STRIP = NO;
				DEBUG_INFORMATION_FORMAT = "dwarf-with-dsym";
				ENABLE_NS_ASSERTIONS = NO;
				ENABLE_STRICT_OBJC_MSGSEND = YES;
				GCC_C_LANGUAGE_STANDARD = gnu11;
				GCC_NO_COMMON_BLOCKS = YES;
				GCC_WARN_64_TO_32_BIT_CONVERSION = YES;
				GCC_WARN_ABOUT_RETURN_TYPE = YES_ERROR;
				GCC_WARN_UNDECLARED_SELECTOR = YES;
				GCC_WARN_UNINITIALIZED_AUTOS = YES_AGGRESSIVE;
				GCC_WARN_UNUSED_FUNCTION = YES;
				GCC_WARN_UNUSED_VARIABLE = YES;
				IPHONEOS_DEPLOYMENT_TARGET = 11.0;
				MTL_ENABLE_DEBUG_INFO = NO;
				SDKROOT = iphoneos;
				SWIFT_OPTIMIZATION_LEVEL = "-Owholemodule";
				VALIDATE_PRODUCT = YES;
			};
			name = Release;
		};
		88BDC3401F9602A500D9BAE8 /* Debug */ = {
			isa = XCBuildConfiguration;
			buildSettings = {
				ASSETCATALOG_COMPILER_APPICON_NAME = AppIcon;
				CODE_SIGN_STYLE = Automatic;
				FRAMEWORK_SEARCH_PATHS = (
					"$(inherited)",
					"$(PROJECT_DIR)/Carthage/Build/iOS",
				);
				INFOPLIST_FILE = "Test-Swift4/Info.plist";
				IPHONEOS_DEPLOYMENT_TARGET = 9.0;
				LD_RUNPATH_SEARCH_PATHS = "$(inherited) @executable_path/Frameworks";
				PRODUCT_BUNDLE_IDENTIFIER = "orakaro.test.Test-Swift4";
				PRODUCT_NAME = "$(TARGET_NAME)";
				SWIFT_VERSION = 4.0;
				TARGETED_DEVICE_FAMILY = 1;
			};
			name = Debug;
		};
		88BDC3411F9602A500D9BAE8 /* Release */ = {
			isa = XCBuildConfiguration;
			buildSettings = {
				ASSETCATALOG_COMPILER_APPICON_NAME = AppIcon;
				CODE_SIGN_STYLE = Automatic;
				FRAMEWORK_SEARCH_PATHS = (
					"$(inherited)",
					"$(PROJECT_DIR)/Carthage/Build/iOS",
				);
				INFOPLIST_FILE = "Test-Swift4/Info.plist";
				IPHONEOS_DEPLOYMENT_TARGET = 9.0;
				LD_RUNPATH_SEARCH_PATHS = "$(inherited) @executable_path/Frameworks";
				PRODUCT_BUNDLE_IDENTIFIER = "orakaro.test.Test-Swift4";
				PRODUCT_NAME = "$(TARGET_NAME)";
				SWIFT_VERSION = 4.0;
				TARGETED_DEVICE_FAMILY = 1;
			};
			name = Release;
		};
/* End XCBuildConfiguration section */

/* Begin XCConfigurationList section */
		88BDC3281F9602A500D9BAE8 /* Build configuration list for PBXProject "Test-Swift4" */ = {
			isa = XCConfigurationList;
			buildConfigurations = (
				88BDC33D1F9602A500D9BAE8 /* Debug */,
				88BDC33E1F9602A500D9BAE8 /* Release */,
			);
			defaultConfigurationIsVisible = 0;
			defaultConfigurationName = Release;
		};
		88BDC33F1F9602A500D9BAE8 /* Build configuration list for PBXNativeTarget "Test-Swift4" */ = {
			isa = XCConfigurationList;
			buildConfigurations = (
				88BDC3401F9602A500D9BAE8 /* Debug */,
				88BDC3411F9602A500D9BAE8 /* Release */,
			);
			defaultConfigurationIsVisible = 0;
			defaultConfigurationName = Release;
		};
/* End XCConfigurationList section */
	};
	rootObject = 88BDC3251F9602A500D9BAE8 /* Project object */;
}
